
Microsoft Visual Studio Solution File, Format Version 12.00
# Visual Studio Version 16
VisualStudioVersion = 16.0.29306.81
MinimumVisualStudioVersion = 10.0.40219.1
Project("{FAE04EC0-301F-11D3-BF4B-00C04F79EFBC}") = "quantumLeap", "quantumLeap\quantumLeap.csproj", "{64DB6A0E-11F5-4350-946E-C0FACE5290BA}"
EndProject
Global
	GlobalSection(SolutionConfigurationPlatforms) = preSolution
		Debug|Any CPU = Debug|Any CPU
		Release|Any CPU = Release|Any CPU
	EndGlobalSection
	GlobalSection(ProjectConfigurationPlatforms) = postSolution
		{64DB6A0E-11F5-4350-946E-C0FACE5290BA}.Debug|Any CPU.ActiveCfg = Debug|Any CPU
		{64DB6A0E-11F5-4350-946E-C0FACE5290BA}.Debug|Any CPU.Build.0 = Debug|Any CPU
		{64DB6A0E-11F5-4350-946E-C0FACE5290BA}.Release|Any CPU.ActiveCfg = Release|Any CPU
		{64DB6A0E-11F5-4350-946E-C0FACE5290BA}.Release|Any CPU.Build.0 = Release|Any CPU
	EndGlobalSection
	GlobalSection(SolutionProperties) = preSolution
		HideSolutionNode = FALSE
	EndGlobalSection
	GlobalSection(ExtensibilityGlobals) = postSolution
		SolutionGuid = {CE0E27ED-4AE4-4F14-B157-53131EAB939A}
	EndGlobalSection
EndGlobal
